
Microsoft Visual Studio Solution File, Format Version 12.00
# Visual Studio Version 17
VisualStudioVersion = 17.0.31919.166
MinimumVisualStudioVersion = 10.0.40219.1
Project("{FAE04EC0-301F-11D3-BF4B-00C04F79EFBC}") = "MobileBank", "MobileBank\MobileBank.csproj", "{5680B8B0-8CDE-40C9-A9E3-9B3AD6496B07}"
EndProject
Global
	GlobalSection(SolutionConfigurationPlatforms) = preSolution
		Debug|Any CPU = Debug|Any CPU
		Release|Any CPU = Release|Any CPU
	EndGlobalSection
	GlobalSection(ProjectConfigurationPlatforms) = postSolution
		{5680B8B0-8CDE-40C9-A9E3-9B3AD6496B07}.Debug|Any CPU.ActiveCfg = Debug|Any CPU
		{5680B8B0-8CDE-40C9-A9E3-9B3AD6496B07}.Debug|Any CPU.Build.0 = Debug|Any CPU
		{5680B8B0-8CDE-40C9-A9E3-9B3AD6496B07}.Release|Any CPU.ActiveCfg = Release|Any CPU
		{5680B8B0-8CDE-40C9-A9E3-9B3AD6496B07}.Release|Any CPU.Build.0 = Release|Any CPU
	EndGlobalSection
	GlobalSection(SolutionProperties) = preSolution
		HideSolutionNode = FALSE
	EndGlobalSection
	GlobalSection(ExtensibilityGlobals) = postSolution
		SolutionGuid = {C31EC4C2-457A-4896-9511-45FD81F581B3}
	EndGlobalSection
EndGlobal
